{
  "name": "frontendstudy_slack",
  "lockfileVersion": 2,
  "requires": true,
  "packages": {
    "": {
      "dependencies": {
        "prop-type": "^0.0.1"
      }
    },
    "node_modules/prop-type": {
      "version": "0.0.1",
      "resolved": "https://registry.npmjs.org/prop-type/-/prop-type-0.0.1.tgz",
      "integrity": "sha512-6+7BTexA1dif2J3zyeVZB5sn3KVb/7iRJKruWTHpeHD99rUmWTHp7Vp51rPGPIa9av4HX1g+2D2gdIAWOhI7gw==",
      "deprecated": "this package is no longer maintained and propably broken"
    }
  },
  "dependencies": {
    "prop-type": {
      "version": "0.0.1",
      "resolved": "https://registry.npmjs.org/prop-type/-/prop-type-0.0.1.tgz",
      "integrity": "sha512-6+7BTexA1dif2J3zyeVZB5sn3KVb/7iRJKruWTHpeHD99rUmWTHp7Vp51rPGPIa9av4HX1g+2D2gdIAWOhI7gw=="
    }
  }
}
